{
  "name": "windshaft-cartodb",
  "version": "1.3.1",
  "dependencies": {
    "node-varnish": {
      "version": "0.1.1"
    },
    "underscore": {
      "version": "1.3.3"
    },
    "windshaft": {
      "version": "0.12.6",
      "dependencies": {
        "grainstore": {
          "version": "0.13.4",
          "dependencies": {
            "carto": {
              "version": "0.9.3-cdb3",
              "from": "git://github.com/CartoDB/carto.git#cdb-0.9.3-cdb3",
              "dependencies": {
                "mapnik-reference": {
                  "version": "5.0.0-cdb1",
                  "from": "git://github.com/CartoDB/mapnik-reference.git#cdb-5.0"
                },
                "xml2js": {
                  "version": "0.1.14",
                  "dependencies": {
                    "sax": {
                      "version": "0.5.4"
                    }
                  }
                }
              }
            },
            "mapnik-reference": {
              "version": "5.0.4"
            },
            "millstone": {
              "version": "0.5.15",
              "dependencies": {
                "generic-pool": {
                  "version": "1.0.12"
                },
                "request": {
                  "version": "2.11.4",
                  "dependencies": {
                    "form-data": {
                      "version": "0.0.3",
                      "dependencies": {
                        "combined-stream": {
                          "version": "0.0.3",
                          "dependencies": {
                            "delayed-stream": {
                              "version": "0.0.5"
                            }
                          }
                        },
                        "async": {
                          "version": "0.1.9"
                        }
                      }
                    },
                    "mime": {
                      "version": "1.2.7"
                    }
                  }
                },
                "srs": {
                  "version": "0.2.20"
                },
                "zipfile": {
                  "version": "0.3.4"
                },
                "sqlite3": {
                  "version": "2.1.10",
                  "dependencies": {
                    "tar.gz": {
                      "version": "0.1.1",
                      "dependencies": {
                        "fstream": {
                          "version": "0.1.22",
                          "dependencies": {
                            "rimraf": {
                              "version": "2.1.4"
                            },
                            "graceful-fs": {
                              "version": "1.2.2"
                            },
                            "inherits": {
                              "version": "1.0.0"
                            }
                          }
                        },
                        "tar": {
                          "version": "0.1.17",
                          "dependencies": {
                            "inherits": {
                              "version": "1.0.0"
                            },
                            "block-stream": {
                              "version": "0.0.6"
                            }
                          }
                        },
                        "commander": {
                          "version": "1.1.1",
                          "dependencies": {
                            "keypress": {
                              "version": "0.1.0"
                            }
                          }
                        }
                      }
                    }
                  }
                },
                "mime": {
                  "version": "1.2.9"
                },
                "mkdirp": {
                  "version": "0.3.5"
                }
              }
            }
          }
        },
        "express": {
          "version": "2.5.11",
          "dependencies": {
            "connect": {
              "version": "1.9.2",
              "dependencies": {
                "formidable": {
                  "version": "1.0.14"
                }
              }
            },
            "mime": {
              "version": "1.2.4"
            },
            "qs": {
              "version": "0.4.2"
            },
            "mkdirp": {
              "version": "0.3.0"
            }
          }
        },
        "tilelive": {
          "version": "4.4.3",
          "dependencies": {
            "optimist": {
              "version": "0.3.7",
              "dependencies": {
                "wordwrap": {
                  "version": "0.0.2"
                }
              }
            },
            "sphericalmercator": {
              "version": "1.0.2"
            }
          }
        },
        "tilelive-mapnik": {
          "version": "0.5.0",
          "from": "git://github.com/Vizzuality/tilelive-mapnik.git#6a360ee50",
          "dependencies": {
            "eio": {
              "version": "0.1.0"
            },
            "mime": {
              "version": "1.2.9"
            },
            "sphericalmercator": {
              "version": "1.0.2"
            }
          }
        }
      }
    },
    "step": {
      "version": "0.0.5"
    },
    "generic-pool": {
      "version": "2.0.3"
    },
    "redis": {
      "version": "0.8.3"
    },
    "hiredis": {
      "version": "0.1.15",
      "dependencies": {
        "bindings": {
          "version": "1.1.0"
        }
      }
    },
    "request": {
      "version": "2.9.202"
    },
    "mapnik": {
      "version": "0.7.22"
    },
    "strftime": {
      "version": "0.6.0"
    },
    "lzma": {
      "version": "1.2.3"
    },
    "semver": {
      "version": "1.1.4"
    },
    "mocha": {
      "version": "1.2.1",
      "dependencies": {
        "commander": {
          "version": "0.6.1"
        },
        "growl": {
          "version": "1.5.1"
        },
        "jade": {
          "version": "0.26.3",
          "dependencies": {
            "mkdirp": {
              "version": "0.3.0"
            }
          }
        },
        "diff": {
          "version": "1.0.2"
        },
        "debug": {
          "version": "0.7.2"
        }
      }
    }
  }
}
