{
  "name": "windshaft-cartodb",
  "version": "1.1.3",
  "dependencies": {
    "cluster2": {
      "version": "0.3.5-cdb02",
      "from": "git://github.com/CartoDB/cluster2.git#cdb_production",
      "dependencies": {
        "express": {
          "version": "2.5.11",
          "dependencies": {
            "connect": {
              "version": "1.9.2",
              "dependencies": {
                "formidable": {
                  "version": "1.0.11"
                }
              }
            },
            "mime": {
              "version": "1.2.4"
            },
            "qs": {
              "version": "0.4.2"
            },
            "mkdirp": {
              "version": "0.3.0"
            }
          }
        },
        "ejs": {
          "version": "0.8.3"
        },
        "npm": {
          "version": "1.1.65",
          "dependencies": {
            "semver": {
              "version": "1.1.0"
            },
            "ini": {
              "version": "1.0.5"
            },
            "slide": {
              "version": "1.1.3"
            },
            "abbrev": {
              "version": "1.0.3"
            },
            "graceful-fs": {
              "version": "1.1.14"
            },
            "minimatch": {
              "version": "0.2.8"
            },
            "nopt": {
              "version": "2.0.0"
            },
            "rimraf": {
              "version": "2.0.2"
            },
            "request": {
              "version": "2.9.203",
              "from": "git://github.com/isaacs/request"
            },
            "which": {
              "version": "1.0.5"
            },
            "tar": {
              "version": "0.1.13"
            },
            "fstream": {
              "version": "0.1.19"
            },
            "block-stream": {
              "version": "0.0.6"
            },
            "inherits": {
              "version": "1.0.0",
              "from": "git://github.com/isaacs/inherits"
            },
            "mkdirp": {
              "version": "0.3.4"
            },
            "read": {
              "version": "1.0.4",
              "dependencies": {
                "mute-stream": {
                  "version": "0.0.3"
                }
              }
            },
            "lru-cache": {
              "version": "2.0.4"
            },
            "node-gyp": {
              "version": "0.7.1"
            },
            "fstream-npm": {
              "version": "0.1.3",
              "dependencies": {
                "fstream-ignore": {
                  "version": "0.0.5"
                }
              }
            },
            "uid-number": {
              "version": "0.0.3"
            },
            "archy": {
              "version": "0.0.2"
            },
            "chownr": {
              "version": "0.0.1"
            },
            "npmlog": {
              "version": "0.0.2"
            },
            "ansi": {
              "version": "0.1.2"
            },
            "npm-registry-client": {
              "version": "0.2.10",
              "dependencies": {
                "couch-login": {
                  "version": "0.1.15"
                }
              }
            },
            "read-package-json": {
              "version": "0.1.8"
            },
            "read-installed": {
              "version": "0.0.3"
            },
            "glob": {
              "version": "3.1.14"
            },
            "init-package-json": {
              "version": "0.0.6",
              "dependencies": {
                "promzard": {
                  "version": "0.2.0"
                }
              }
            },
            "osenv": {
              "version": "0.0.3"
            },
            "lockfile": {
              "version": "0.2.1"
            },
            "retry": {
              "version": "0.6.0"
            },
            "once": {
              "version": "1.1.1"
            },
            "npmconf": {
              "version": "0.0.16",
              "dependencies": {
                "config-chain": {
                  "version": "1.1.2",
                  "dependencies": {
                    "proto-list": {
                      "version": "1.2.2"
                    }
                  }
                }
              }
            },
            "opener": {
              "version": "1.3.0"
            }
          }
        }
      }
    },
    "node-varnish": {
      "version": "0.1.1"
    },
    "underscore": {
      "version": "1.3.3"
    },
    "grainstore": {
      "version": "0.10.5",
      "dependencies": {
        "carto": {
          "version": "0.9.3-cdb2",
          "from": "git://github.com/CartoDB/carto.git#cdb-0.9",
          "dependencies": {
            "xml2js": {
              "version": "0.1.14",
              "dependencies": {
                "sax": {
                  "version": "0.4.2"
                }
              }
            }
          }
        },
        "mapnik-reference": {
          "version": "5.0.0-cdb1",
          "from": "git://github.com/CartoDB/mapnik-reference.git#cdb-5.0"
        },
        "millstone": {
          "version": "0.5.11",
          "dependencies": {
            "request": {
              "version": "2.11.4",
              "dependencies": {
                "form-data": {
                  "version": "0.0.3",
                  "dependencies": {
                    "combined-stream": {
                      "version": "0.0.3",
                      "dependencies": {
                        "delayed-stream": {
                          "version": "0.0.5"
                        }
                      }
                    },
                    "async": {
                      "version": "0.1.9"
                    }
                  }
                },
                "mime": {
                  "version": "1.2.7"
                }
              }
            },
            "srs": {
              "version": "0.2.17"
            },
            "zipfile": {
              "version": "0.3.2"
            },
            "sqlite3": {
              "version": "2.1.5"
            },
            "mime": {
              "version": "1.2.7"
            },
            "mkdirp": {
              "version": "0.3.4"
            }
          }
        }
      }
    },
    "windshaft": {
      "version": "0.8.0",
      "dependencies": {
        "express": {
          "version": "2.5.11",
          "dependencies": {
            "connect": {
              "version": "1.9.2",
              "dependencies": {
                "formidable": {
                  "version": "1.0.11"
                }
              }
            },
            "mime": {
              "version": "1.2.4"
            },
            "qs": {
              "version": "0.4.2"
            },
            "mkdirp": {
              "version": "0.3.0"
            }
          }
        },
        "tilelive": {
          "version": "4.3.3",
          "dependencies": {
            "optimist": {
              "version": "0.3.5",
              "dependencies": {
                "wordwrap": {
                  "version": "0.0.2"
                }
              }
            },
            "sphericalmercator": {
              "version": "1.0.2"
            }
          }
        },
        "tilelive-mapnik": {
          "version": "0.3.3-dev",
          "from": "git://github.com/Vizzuality/tilelive-mapnik.git#7df70554",
          "dependencies": {
            "eio": {
              "version": "0.1.0"
            },
            "sphericalmercator": {
              "version": "1.0.2"
            }
          }
        }
      }
    },
    "step": {
      "version": "0.0.5"
    },
    "generic-pool": {
      "version": "1.0.12"
    },
    "redis": {
      "version": "0.7.2"
    },
    "hiredis": {
      "version": "0.1.14"
    },
    "request": {
      "version": "2.9.202"
    },
    "mapnik": {
      "version": "0.7.16"
    },
    "semver": {
      "version": "1.1.0"
    },
    "mocha": {
      "version": "1.2.1",
      "dependencies": {
        "commander": {
          "version": "0.6.1"
        },
        "growl": {
          "version": "1.5.1"
        },
        "jade": {
          "version": "0.26.3",
          "dependencies": {
            "mkdirp": {
              "version": "0.3.0"
            }
          }
        },
        "diff": {
          "version": "1.0.2"
        },
        "debug": {
          "version": "0.7.0"
        }
      }
    }
  }
}
